
Microsoft Visual Studio Solution File, Format Version 12.00
# Visual Studio 15
VisualStudioVersion = 15.0.26730.10
MinimumVisualStudioVersion = 10.0.40219.1
Project("{FAE04EC0-301F-11D3-BF4B-00C04F79EFBC}") = "FileService.WebApi", "FileService.WebApi\FileService.WebApi.csproj", "{7023FCFD-44FD-490D-B550-E9E2FA34EC21}"
EndProject
Project("{FAE04EC0-301F-11D3-BF4B-00C04F79EFBC}") = "FileService.Biz", "FileService.Biz\FileService.Biz.csproj", "{89B43676-7AF3-486E-865A-E899D07EA6B8}"
EndProject
Project("{FAE04EC0-301F-11D3-BF4B-00C04F79EFBC}") = "FileService.Entity", "FileService.Entity\FileService.Entity.csproj", "{9098AF72-5923-4CB2-B345-0B4A475BCD5D}"
EndProject
Project("{FAE04EC0-301F-11D3-BF4B-00C04F79EFBC}") = "FileService.DataAccess", "FileService.DataAccess\FileService.DataAccess.csproj", "{2F388B67-00D4-4C5F-8B33-95C9D9B02470}"
EndProject
Project("{FAE04EC0-301F-11D3-BF4B-00C04F79EFBC}") = "FileService.Common", "FileService.Common\FileService.Common.csproj", "{DF1A736F-8F8B-44D9-99C0-4C824D3DC247}"
EndProject
Global
	GlobalSection(SolutionConfigurationPlatforms) = preSolution
		Debug|Any CPU = Debug|Any CPU
		Release|Any CPU = Release|Any CPU
	EndGlobalSection
	GlobalSection(ProjectConfigurationPlatforms) = postSolution
		{7023FCFD-44FD-490D-B550-E9E2FA34EC21}.Debug|Any CPU.ActiveCfg = Debug|Any CPU
		{7023FCFD-44FD-490D-B550-E9E2FA34EC21}.Debug|Any CPU.Build.0 = Debug|Any CPU
		{7023FCFD-44FD-490D-B550-E9E2FA34EC21}.Release|Any CPU.ActiveCfg = Release|Any CPU
		{7023FCFD-44FD-490D-B550-E9E2FA34EC21}.Release|Any CPU.Build.0 = Release|Any CPU
		{89B43676-7AF3-486E-865A-E899D07EA6B8}.Debug|Any CPU.ActiveCfg = Debug|Any CPU
		{89B43676-7AF3-486E-865A-E899D07EA6B8}.Debug|Any CPU.Build.0 = Debug|Any CPU
		{89B43676-7AF3-486E-865A-E899D07EA6B8}.Release|Any CPU.ActiveCfg = Release|Any CPU
		{89B43676-7AF3-486E-865A-E899D07EA6B8}.Release|Any CPU.Build.0 = Release|Any CPU
		{9098AF72-5923-4CB2-B345-0B4A475BCD5D}.Debug|Any CPU.ActiveCfg = Debug|Any CPU
		{9098AF72-5923-4CB2-B345-0B4A475BCD5D}.Debug|Any CPU.Build.0 = Debug|Any CPU
		{9098AF72-5923-4CB2-B345-0B4A475BCD5D}.Release|Any CPU.ActiveCfg = Release|Any CPU
		{9098AF72-5923-4CB2-B345-0B4A475BCD5D}.Release|Any CPU.Build.0 = Release|Any CPU
		{2F388B67-00D4-4C5F-8B33-95C9D9B02470}.Debug|Any CPU.ActiveCfg = Debug|Any CPU
		{2F388B67-00D4-4C5F-8B33-95C9D9B02470}.Debug|Any CPU.Build.0 = Debug|Any CPU
		{2F388B67-00D4-4C5F-8B33-95C9D9B02470}.Release|Any CPU.ActiveCfg = Release|Any CPU
		{2F388B67-00D4-4C5F-8B33-95C9D9B02470}.Release|Any CPU.Build.0 = Release|Any CPU
		{DF1A736F-8F8B-44D9-99C0-4C824D3DC247}.Debug|Any CPU.ActiveCfg = Debug|Any CPU
		{DF1A736F-8F8B-44D9-99C0-4C824D3DC247}.Debug|Any CPU.Build.0 = Debug|Any CPU
		{DF1A736F-8F8B-44D9-99C0-4C824D3DC247}.Release|Any CPU.ActiveCfg = Release|Any CPU
		{DF1A736F-8F8B-44D9-99C0-4C824D3DC247}.Release|Any CPU.Build.0 = Release|Any CPU
	EndGlobalSection
	GlobalSection(SolutionProperties) = preSolution
		HideSolutionNode = FALSE
	EndGlobalSection
	GlobalSection(ExtensibilityGlobals) = postSolution
		SolutionGuid = {E9D863FF-758E-4088-8C54-8C301F7EB587}
	EndGlobalSection
EndGlobal
